{
	"name": "notebook-navigator",
	"version": "1.2.33",
	"lockfileVersion": 3,
	"requires": true,
	"packages": {
		"": {
			"name": "notebook-navigator",
			"version": "1.2.33",
			"license": "GPL-3.0",
			"dependencies": {
				"@tanstack/react-virtual": "^3.13.12",
				"date-fns": "^4.1.0",
				"emojilib": "^4.0.2",
				"react": "^19.1.0",
				"react-dom": "^19.1.0"
			},
			"devDependencies": {
				"@types/node": "^16.11.6",
				"@types/react": "^19.1.6",
				"@types/react-dom": "^19.1.6",
				"builtin-modules": "3.3.0",
				"esbuild": "^0.17.3",
				"knip": "^5.62.0",
				"obsidian": "latest",
				"tslib": "2.4.0",
				"typescript": "4.7.4"
			}
		},
		"node_modules/@emnapi/core": {
			"version": "1.4.5",
			"resolved": "https://registry.npmjs.org/@emnapi/core/-/core-1.4.5.tgz",
			"integrity": "sha512-XsLw1dEOpkSX/WucdqUhPWP7hDxSvZiY+fsUC14h+FtQ2Ifni4znbBt8punRX+Uj2JG/uDb8nEHVKvrVlvdZ5Q==",
			"dev": true,
			"license": "MIT",
			"optional": true,
			"dependencies": {
				"@emnapi/wasi-threads": "1.0.4",
				"tslib": "^2.4.0"
			}
		},
		"node_modules/@emnapi/runtime": {
			"version": "1.4.5",
			"resolved": "https://registry.npmjs.org/@emnapi/runtime/-/runtime-1.4.5.tgz",
			"integrity": "sha512-++LApOtY0pEEz1zrd9vy1/zXVaVJJ/EbAF3u0fXIzPJEDtnITsBGbbK0EkM72amhl/R5b+5xx0Y/QhcVOpuulg==",
			"dev": true,
			"license": "MIT",
			"optional": true,
			"dependencies": {
				"tslib": "^2.4.0"
			}
		},
		"node_modules/@emnapi/wasi-threads": {
			"version": "1.0.4",
			"resolved": "https://registry.npmjs.org/@emnapi/wasi-threads/-/wasi-threads-1.0.4.tgz",
			"integrity": "sha512-PJR+bOmMOPH8AtcTGAyYNiuJ3/Fcoj2XN/gBEWzDIKh254XO+mM9XoXHk5GNEhodxeMznbg7BlRojVbKN+gC6g==",
			"dev": true,
			"license": "MIT",
			"optional": true,
			"dependencies": {
				"tslib": "^2.4.0"
			}
		},
		"node_modules/@esbuild/android-arm": {
			"version": "0.17.3",
			"resolved": "https://registry.npmjs.org/@esbuild/android-arm/-/android-arm-0.17.3.tgz",
			"integrity": "sha512-1Mlz934GvbgdDmt26rTLmf03cAgLg5HyOgJN+ZGCeP3Q9ynYTNMn2/LQxIl7Uy+o4K6Rfi2OuLsr12JQQR8gNg==",
			"cpu": [
				"arm"
			],
			"dev": true,
			"license": "MIT",
			"optional": true,
			"os": [
				"android"
			],
			"engines": {
				"node": ">=12"
			}
		},
		"node_modules/@esbuild/android-arm64": {
			"version": "0.17.3",
			"resolved": "https://registry.npmjs.org/@esbuild/android-arm64/-/android-arm64-0.17.3.tgz",
			"integrity": "sha512-XvJsYo3dO3Pi4kpalkyMvfQsjxPWHYjoX4MDiB/FUM4YMfWcXa5l4VCwFWVYI1+92yxqjuqrhNg0CZg3gSouyQ==",
			"cpu": [
				"arm64"
			],
			"dev": true,
			"license": "MIT",
			"optional": true,
			"os": [
				"android"
			],
			"engines": {
				"node": ">=12"
			}
		},
		"node_modules/@esbuild/android-x64": {
			"version": "0.17.3",
			"resolved": "https://registry.npmjs.org/@esbuild/android-x64/-/android-x64-0.17.3.tgz",
			"integrity": "sha512-nuV2CmLS07Gqh5/GrZLuqkU9Bm6H6vcCspM+zjp9TdQlxJtIe+qqEXQChmfc7nWdyr/yz3h45Utk1tUn8Cz5+A==",
			"cpu": [
				"x64"
			],
			"dev": true,
			"license": "MIT",
			"optional": true,
			"os": [
				"android"
			],
			"engines": {
				"node": ">=12"
			}
		},
		"node_modules/@esbuild/darwin-arm64": {
			"version": "0.17.3",
			"resolved": "https://registry.npmjs.org/@esbuild/darwin-arm64/-/darwin-arm64-0.17.3.tgz",
			"integrity": "sha512-01Hxaaat6m0Xp9AXGM8mjFtqqwDjzlMP0eQq9zll9U85ttVALGCGDuEvra5Feu/NbP5AEP1MaopPwzsTcUq1cw==",
			"cpu": [
				"arm64"
			],
			"dev": true,
			"license": "MIT",
			"optional": true,
			"os": [
				"darwin"
			],
			"engines": {
				"node": ">=12"
			}
		},
		"node_modules/@esbuild/darwin-x64": {
			"version": "0.17.3",
			"resolved": "https://registry.npmjs.org/@esbuild/darwin-x64/-/darwin-x64-0.17.3.tgz",
			"integrity": "sha512-Eo2gq0Q/er2muf8Z83X21UFoB7EU6/m3GNKvrhACJkjVThd0uA+8RfKpfNhuMCl1bKRfBzKOk6xaYKQZ4lZqvA==",
			"cpu": [
				"x64"
			],
			"dev": true,
			"license": "MIT",
			"optional": true,
			"os": [
				"darwin"
			],
			"engines": {
				"node": ">=12"
			}
		},
		"node_modules/@esbuild/freebsd-arm64": {
			"version": "0.17.3",
			"resolved": "https://registry.npmjs.org/@esbuild/freebsd-arm64/-/freebsd-arm64-0.17.3.tgz",
			"integrity": "sha512-CN62ESxaquP61n1ZjQP/jZte8CE09M6kNn3baos2SeUfdVBkWN5n6vGp2iKyb/bm/x4JQzEvJgRHLGd5F5b81w==",
			"cpu": [
				"arm64"
			],
			"dev": true,
			"license": "MIT",
			"optional": true,
			"os": [
				"freebsd"
			],
			"engines": {
				"node": ">=12"
			}
		},
		"node_modules/@esbuild/freebsd-x64": {
			"version": "0.17.3",
			"resolved": "https://registry.npmjs.org/@esbuild/freebsd-x64/-/freebsd-x64-0.17.3.tgz",
			"integrity": "sha512-feq+K8TxIznZE+zhdVurF3WNJ/Sa35dQNYbaqM/wsCbWdzXr5lyq+AaTUSER2cUR+SXPnd/EY75EPRjf4s1SLg==",
			"cpu": [
				"x64"
			],
			"dev": true,
			"license": "MIT",
			"optional": true,
			"os": [
				"freebsd"
			],
			"engines": {
				"node": ">=12"
			}
		},
		"node_modules/@esbuild/linux-arm": {
			"version": "0.17.3",
			"resolved": "https://registry.npmjs.org/@esbuild/linux-arm/-/linux-arm-0.17.3.tgz",
			"integrity": "sha512-CLP3EgyNuPcg2cshbwkqYy5bbAgK+VhyfMU7oIYyn+x4Y67xb5C5ylxsNUjRmr8BX+MW3YhVNm6Lq6FKtRTWHQ==",
			"cpu": [
				"arm"
			],
			"dev": true,
			"license": "MIT",
			"optional": true,
			"os": [
				"linux"
			],
			"engines": {
				"node": ">=12"
			}
		},
		"node_modules/@esbuild/linux-arm64": {
			"version": "0.17.3",
			"resolved": "https://registry.npmjs.org/@esbuild/linux-arm64/-/linux-arm64-0.17.3.tgz",
			"integrity": "sha512-JHeZXD4auLYBnrKn6JYJ0o5nWJI9PhChA/Nt0G4MvLaMrvXuWnY93R3a7PiXeJQphpL1nYsaMcoV2QtuvRnF/g==",
			"cpu": [
				"arm64"
			],
			"dev": true,
			"license": "MIT",
			"optional": true,
			"os": [
				"linux"
			],
			"engines": {
				"node": ">=12"
			}
		},
		"node_modules/@esbuild/linux-ia32": {
			"version": "0.17.3",
			"resolved": "https://registry.npmjs.org/@esbuild/linux-ia32/-/linux-ia32-0.17.3.tgz",
			"integrity": "sha512-FyXlD2ZjZqTFh0sOQxFDiWG1uQUEOLbEh9gKN/7pFxck5Vw0qjWSDqbn6C10GAa1rXJpwsntHcmLqydY9ST9ZA==",
			"cpu": [
				"ia32"
			],
			"dev": true,
			"license": "MIT",
			"optional": true,
			"os": [
				"linux"
			],
			"engines": {
				"node": ">=12"
			}
		},
		"node_modules/@esbuild/linux-loong64": {
			"version": "0.17.3",
			"resolved": "https://registry.npmjs.org/@esbuild/linux-loong64/-/linux-loong64-0.17.3.tgz",
			"integrity": "sha512-OrDGMvDBI2g7s04J8dh8/I7eSO+/E7nMDT2Z5IruBfUO/RiigF1OF6xoH33Dn4W/OwAWSUf1s2nXamb28ZklTA==",
			"cpu": [
				"loong64"
			],
			"dev": true,
			"license": "MIT",
			"optional": true,
			"os": [
				"linux"
			],
			"engines": {
				"node": ">=12"
			}
		},
		"node_modules/@esbuild/linux-mips64el": {
			"version": "0.17.3",
			"resolved": "https://registry.npmjs.org/@esbuild/linux-mips64el/-/linux-mips64el-0.17.3.tgz",
			"integrity": "sha512-DcnUpXnVCJvmv0TzuLwKBC2nsQHle8EIiAJiJ+PipEVC16wHXaPEKP0EqN8WnBe0TPvMITOUlP2aiL5YMld+CQ==",
			"cpu": [
				"mips64el"
			],
			"dev": true,
			"license": "MIT",
			"optional": true,
			"os": [
				"linux"
			],
			"engines": {
				"node": ">=12"
			}
		},
		"node_modules/@esbuild/linux-ppc64": {
			"version": "0.17.3",
			"resolved": "https://registry.npmjs.org/@esbuild/linux-ppc64/-/linux-ppc64-0.17.3.tgz",
			"integrity": "sha512-BDYf/l1WVhWE+FHAW3FzZPtVlk9QsrwsxGzABmN4g8bTjmhazsId3h127pliDRRu5674k1Y2RWejbpN46N9ZhQ==",
			"cpu": [
				"ppc64"
			],
			"dev": true,
			"license": "MIT",
			"optional": true,
			"os": [
				"linux"
			],
			"engines": {
				"node": ">=12"
			}
		},
		"node_modules/@esbuild/linux-riscv64": {
			"version": "0.17.3",
			"resolved": "https://registry.npmjs.org/@esbuild/linux-riscv64/-/linux-riscv64-0.17.3.tgz",
			"integrity": "sha512-WViAxWYMRIi+prTJTyV1wnqd2mS2cPqJlN85oscVhXdb/ZTFJdrpaqm/uDsZPGKHtbg5TuRX/ymKdOSk41YZow==",
			"cpu": [
				"riscv64"
			],
			"dev": true,
			"license": "MIT",
			"optional": true,
			"os": [
				"linux"
			],
			"engines": {
				"node": ">=12"
			}
		},
		"node_modules/@esbuild/linux-s390x": {
			"version": "0.17.3",
			"resolved": "https://registry.npmjs.org/@esbuild/linux-s390x/-/linux-s390x-0.17.3.tgz",
			"integrity": "sha512-Iw8lkNHUC4oGP1O/KhumcVy77u2s6+KUjieUqzEU3XuWJqZ+AY7uVMrrCbAiwWTkpQHkr00BuXH5RpC6Sb/7Ug==",
			"cpu": [
				"s390x"
			],
			"dev": true,
			"license": "MIT",
			"optional": true,
			"os": [
				"linux"
			],
			"engines": {
				"node": ">=12"
			}
		},
		"node_modules/@esbuild/linux-x64": {
			"version": "0.17.3",
			"resolved": "https://registry.npmjs.org/@esbuild/linux-x64/-/linux-x64-0.17.3.tgz",
			"integrity": "sha512-0AGkWQMzeoeAtXQRNB3s4J1/T2XbigM2/Mn2yU1tQSmQRmHIZdkGbVq2A3aDdNslPyhb9/lH0S5GMTZ4xsjBqg==",
			"cpu": [
				"x64"
			],
			"dev": true,
			"license": "MIT",
			"optional": true,
			"os": [
				"linux"
			],
			"engines": {
				"node": ">=12"
			}
		},
		"node_modules/@esbuild/netbsd-x64": {
			"version": "0.17.3",
			"resolved": "https://registry.npmjs.org/@esbuild/netbsd-x64/-/netbsd-x64-0.17.3.tgz",
			"integrity": "sha512-4+rR/WHOxIVh53UIQIICryjdoKdHsFZFD4zLSonJ9RRw7bhKzVyXbnRPsWSfwybYqw9sB7ots/SYyufL1mBpEg==",
			"cpu": [
				"x64"
			],
			"dev": true,
			"license": "MIT",
			"optional": true,
			"os": [
				"netbsd"
			],
			"engines": {
				"node": ">=12"
			}
		},
		"node_modules/@esbuild/openbsd-x64": {
			"version": "0.17.3",
			"resolved": "https://registry.npmjs.org/@esbuild/openbsd-x64/-/openbsd-x64-0.17.3.tgz",
			"integrity": "sha512-cVpWnkx9IYg99EjGxa5Gc0XmqumtAwK3aoz7O4Dii2vko+qXbkHoujWA68cqXjhh6TsLaQelfDO4MVnyr+ODeA==",
			"cpu": [
				"x64"
			],
			"dev": true,
			"license": "MIT",
			"optional": true,
			"os": [
				"openbsd"
			],
			"engines": {
				"node": ">=12"
			}
		},
		"node_modules/@esbuild/sunos-x64": {
			"version": "0.17.3",
			"resolved": "https://registry.npmjs.org/@esbuild/sunos-x64/-/sunos-x64-0.17.3.tgz",
			"integrity": "sha512-RxmhKLbTCDAY2xOfrww6ieIZkZF+KBqG7S2Ako2SljKXRFi+0863PspK74QQ7JpmWwncChY25JTJSbVBYGQk2Q==",
			"cpu": [
				"x64"
			],
			"dev": true,
			"license": "MIT",
			"optional": true,
			"os": [
				"sunos"
			],
			"engines": {
				"node": ">=12"
			}
		},
		"node_modules/@esbuild/win32-arm64": {
			"version": "0.17.3",
			"resolved": "https://registry.npmjs.org/@esbuild/win32-arm64/-/win32-arm64-0.17.3.tgz",
			"integrity": "sha512-0r36VeEJ4efwmofxVJRXDjVRP2jTmv877zc+i+Pc7MNsIr38NfsjkQj23AfF7l0WbB+RQ7VUb+LDiqC/KY/M/A==",
			"cpu": [
				"arm64"
			],
			"dev": true,
			"license": "MIT",
			"optional": true,
			"os": [
				"win32"
			],
			"engines": {
				"node": ">=12"
			}
		},
		"node_modules/@esbuild/win32-ia32": {
			"version": "0.17.3",
			"resolved": "https://registry.npmjs.org/@esbuild/win32-ia32/-/win32-ia32-0.17.3.tgz",
			"integrity": "sha512-wgO6rc7uGStH22nur4aLFcq7Wh86bE9cOFmfTr/yxN3BXvDEdCSXyKkO+U5JIt53eTOgC47v9k/C1bITWL/Teg==",
			"cpu": [
				"ia32"
			],
			"dev": true,
			"license": "MIT",
			"optional": true,
			"os": [
				"win32"
			],
			"engines": {
				"node": ">=12"
			}
		},
		"node_modules/@esbuild/win32-x64": {
			"version": "0.17.3",
			"resolved": "https://registry.npmjs.org/@esbuild/win32-x64/-/win32-x64-0.17.3.tgz",
			"integrity": "sha512-FdVl64OIuiKjgXBjwZaJLKp0eaEckifbhn10dXWhysMJkWblg3OEEGKSIyhiD5RSgAya8WzP3DNkngtIg3Nt7g==",
			"cpu": [
				"x64"
			],
			"dev": true,
			"license": "MIT",
			"optional": true,
			"os": [
				"win32"
			],
			"engines": {
				"node": ">=12"
			}
		},
		"node_modules/@napi-rs/wasm-runtime": {
			"version": "1.0.0",
			"resolved": "https://registry.npmjs.org/@napi-rs/wasm-runtime/-/wasm-runtime-1.0.0.tgz",
			"integrity": "sha512-OInwPIZhcQ+aWOBFMUXzv95RLDTBRPaNPm5kSFJaL3gVAMVxrzc0YXNsVeLPHf+4sTviOy2e5wZdvKILb7dC/w==",
			"dev": true,
			"license": "MIT",
			"optional": true,
			"dependencies": {
				"@emnapi/core": "^1.4.3",
				"@emnapi/runtime": "^1.4.3",
				"@tybys/wasm-util": "^0.10.0"
			}
		},
		"node_modules/@nodelib/fs.scandir": {
			"version": "2.1.5",
			"resolved": "https://registry.npmjs.org/@nodelib/fs.scandir/-/fs.scandir-2.1.5.tgz",
			"integrity": "sha512-vq24Bq3ym5HEQm2NKCr3yXDwjc7vTsEThRDnkp2DK9p1uqLR+DHurm/NOTo0KG7HYHU7eppKZj3MyqYuMBf62g==",
			"dev": true,
			"license": "MIT",
			"dependencies": {
				"@nodelib/fs.stat": "2.0.5",
				"run-parallel": "^1.1.9"
			},
			"engines": {
				"node": ">= 8"
			}
		},
		"node_modules/@nodelib/fs.stat": {
			"version": "2.0.5",
			"resolved": "https://registry.npmjs.org/@nodelib/fs.stat/-/fs.stat-2.0.5.tgz",
			"integrity": "sha512-RkhPPp2zrqDAQA/2jNhnztcPAlv64XdhIp7a7454A5ovI7Bukxgt7MX7udwAu3zg1DcpPU0rz3VV1SeaqvY4+A==",
			"dev": true,
			"license": "MIT",
			"engines": {
				"node": ">= 8"
			}
		},
		"node_modules/@nodelib/fs.walk": {
			"version": "1.2.8",
			"resolved": "https://registry.npmjs.org/@nodelib/fs.walk/-/fs.walk-1.2.8.tgz",
			"integrity": "sha512-oGB+UxlgWcgQkgwo8GcEGwemoTFt3FIO9ababBmaGwXIoBKZ+GTy0pP185beGg7Llih/NSHSV2XAs1lnznocSg==",
			"dev": true,
			"license": "MIT",
			"dependencies": {
				"@nodelib/fs.scandir": "2.1.5",
				"fastq": "^1.6.0"
			},
			"engines": {
				"node": ">= 8"
			}
		},
		"node_modules/@oxc-resolver/binding-android-arm-eabi": {
			"version": "11.6.0",
			"resolved": "https://registry.npmjs.org/@oxc-resolver/binding-android-arm-eabi/-/binding-android-arm-eabi-11.6.0.tgz",
			"integrity": "sha512-UJTf5uZs919qavt9Btvbzkr3eaUu4d+FXBri8AB2BtOezriaTTUvArab2K9fdACQ4yFggTD5ews1l19V/6SW2Q==",
			"cpu": [
				"arm"
			],
			"dev": true,
			"license": "MIT",
			"optional": true,
			"os": [
				"android"
			]
		},
		"node_modules/@oxc-resolver/binding-android-arm64": {
			"version": "11.6.0",
			"resolved": "https://registry.npmjs.org/@oxc-resolver/binding-android-arm64/-/binding-android-arm64-11.6.0.tgz",
			"integrity": "sha512-v17j1WLEAIlyc+6JOWPXcky7dkU3fN8nHTP8KSK05zkkBO0t28R3Q0udmNBiJtVSnw4EFB/fy/3Mu2ItpG6bVQ==",
			"cpu": [
				"arm64"
			],
			"dev": true,
			"license": "MIT",
			"optional": true,
			"os": [
				"android"
			]
		},
		"node_modules/@oxc-resolver/binding-darwin-arm64": {
			"version": "11.6.0",
			"resolved": "https://registry.npmjs.org/@oxc-resolver/binding-darwin-arm64/-/binding-darwin-arm64-11.6.0.tgz",
			"integrity": "sha512-ZrU+qd5AKe8s7PZDLCHY23UpbGn1RAkcNd4JYjOTnX22XEjSqLvyC6pCMngTyfgGVJ4zXFubBkRzt/k3xOjNlQ==",
			"cpu": [
				"arm64"
			],
			"dev": true,
			"license": "MIT",
			"optional": true,
			"os": [
				"darwin"
			]
		},
		"node_modules/@oxc-resolver/binding-darwin-x64": {
			"version": "11.6.0",
			"resolved": "https://registry.npmjs.org/@oxc-resolver/binding-darwin-x64/-/binding-darwin-x64-11.6.0.tgz",
			"integrity": "sha512-qBIlX0X0RSxQHcXQnFpBGKxrDVtj7OdpWFGmrcR3NcndVjZ/wJRPST5uTTM83NfsHyuUeOi/vRZjmDrthvhnSQ==",
			"cpu": [
				"x64"
			],
			"dev": true,
			"license": "MIT",
			"optional": true,
			"os": [
				"darwin"
			]
		},
		"node_modules/@oxc-resolver/binding-freebsd-x64": {
			"version": "11.6.0",
			"resolved": "https://registry.npmjs.org/@oxc-resolver/binding-freebsd-x64/-/binding-freebsd-x64-11.6.0.tgz",
			"integrity": "sha512-tTyMlHHNhbkq/oEP/fM8hPZ6lqntHIz6EfOt577/lslrwxC5a/ii0lOOHjPuQtkurpyUBWYPs7Z17EgrZulc4Q==",
			"cpu": [
				"x64"
			],
			"dev": true,
			"license": "MIT",
			"optional": true,
			"os": [
				"freebsd"
			]
		},
		"node_modules/@oxc-resolver/binding-linux-arm-gnueabihf": {
			"version": "11.6.0",
			"resolved": "https://registry.npmjs.org/@oxc-resolver/binding-linux-arm-gnueabihf/-/binding-linux-arm-gnueabihf-11.6.0.tgz",
			"integrity": "sha512-tYinHy5k9/rujo21mG2jZckJJD7fsceNDl5HOl/eh5NPjSt2vXQv181PVKeITw3+3i+gI1d666w5EtgpiCegRA==",
			"cpu": [
				"arm"
			],
			"dev": true,
			"license": "MIT",
			"optional": true,
			"os": [
				"linux"
			]
		},
		"node_modules/@oxc-resolver/binding-linux-arm-musleabihf": {
			"version": "11.6.0",
			"resolved": "https://registry.npmjs.org/@oxc-resolver/binding-linux-arm-musleabihf/-/binding-linux-arm-musleabihf-11.6.0.tgz",
			"integrity": "sha512-aOlGlSiT9fBgSyiIWvSxbyzaBx3XrgCy6UJRrqBkIvMO9D7W90JmV0RsiLua4w43zJSSrfuQQWqmFCwgIib3Iw==",
			"cpu": [
				"arm"
			],
			"dev": true,
			"license": "MIT",
			"optional": true,
			"os": [
				"linux"
			]
		},
		"node_modules/@oxc-resolver/binding-linux-arm64-gnu": {
			"version": "11.6.0",
			"resolved": "https://registry.npmjs.org/@oxc-resolver/binding-linux-arm64-gnu/-/binding-linux-arm64-gnu-11.6.0.tgz",
			"integrity": "sha512-EZ/OuxZA9qQoAANBDb9V4krfYXU3MC+LZ9qY+cE0yMYMIxm7NT5AdR0OaRQqfa3tWIbina1VF7FaMR6rpKvmlA==",
			"cpu": [
				"arm64"
			],
			"dev": true,
			"license": "MIT",
			"optional": true,
			"os": [
				"linux"
			]
		},
		"node_modules/@oxc-resolver/binding-linux-arm64-musl": {
			"version": "11.6.0",
			"resolved": "https://registry.npmjs.org/@oxc-resolver/binding-linux-arm64-musl/-/binding-linux-arm64-musl-11.6.0.tgz",
			"integrity": "sha512-NpF7sID4NnPetpqDk2eOu6TPUt381Qlpos8nGDcSkAluqSsSGFOPfETEB5VbJeqNVQbepEQX9mOxZygFpW0+nA==",
			"cpu": [
				"arm64"
			],
			"dev": true,
			"license": "MIT",
			"optional": true,
			"os": [
				"linux"
			]
		},
		"node_modules/@oxc-resolver/binding-linux-ppc64-gnu": {
			"version": "11.6.0",
			"resolved": "https://registry.npmjs.org/@oxc-resolver/binding-linux-ppc64-gnu/-/binding-linux-ppc64-gnu-11.6.0.tgz",
			"integrity": "sha512-Sqn9Ha4rxCCpjpfkFi9f9y9phsaBnseaKw+JqHgBQoNMToe+/20A1jwIu9OX+484UuLpduM+wLydgngjnoi7Dg==",
			"cpu": [
				"ppc64"
			],
			"dev": true,
			"license": "MIT",
			"optional": true,
			"os": [
				"linux"
			]
		},
		"node_modules/@oxc-resolver/binding-linux-riscv64-gnu": {
			"version": "11.6.0",
			"resolved": "https://registry.npmjs.org/@oxc-resolver/binding-linux-riscv64-gnu/-/binding-linux-riscv64-gnu-11.6.0.tgz",
			"integrity": "sha512-eFoNcPhImp1FLAQf5U3Nlph4WNWEsdWohSThSTtKPrX+jhPZiVsj3iBC9gjaRwq2Ez4QhP1x7/PSL6mtKnS6rw==",
			"cpu": [
				"riscv64"
			],
			"dev": true,
			"license": "MIT",
			"optional": true,
			"os": [
				"linux"
			]
		},
		"node_modules/@oxc-resolver/binding-linux-riscv64-musl": {
			"version": "11.6.0",
			"resolved": "https://registry.npmjs.org/@oxc-resolver/binding-linux-riscv64-musl/-/binding-linux-riscv64-musl-11.6.0.tgz",
			"integrity": "sha512-WQw3CT10aJg7SIc/X1QPrh6lTx2wOLg5IaCu/+Mqlxf1nZBEW3+tV/+y3PzXG0MCRhq7FDTiHaW8MBVAwBineQ==",
			"cpu": [
				"riscv64"
			],
			"dev": true,
			"license": "MIT",
			"optional": true,
			"os": [
				"linux"
			]
		},
		"node_modules/@oxc-resolver/binding-linux-s390x-gnu": {
			"version": "11.6.0",
			"resolved": "https://registry.npmjs.org/@oxc-resolver/binding-linux-s390x-gnu/-/binding-linux-s390x-gnu-11.6.0.tgz",
			"integrity": "sha512-p5qcPr/EtGJ2PpeeArL3ifZU/YljWLypeu38+e19z2dyPv8Aoby8tjM+D1VTI8+suMwTkseyove/uu6zIUiqRw==",
			"cpu": [
				"s390x"
			],
			"dev": true,
			"license": "MIT",
			"optional": true,
			"os": [
				"linux"
			]
		},
		"node_modules/@oxc-resolver/binding-linux-x64-gnu": {
			"version": "11.6.0",
			"resolved": "https://registry.npmjs.org/@oxc-resolver/binding-linux-x64-gnu/-/binding-linux-x64-gnu-11.6.0.tgz",
			"integrity": "sha512-/9M/ieoY5v54k3UjtF9Vw43WQ4bBfed+qRL1uIpFbZcO2qi5aXwVMYnjSd/BoaRtDs5JFV9iOjzHwpw0zdOYZA==",
			"cpu": [
				"x64"
			],
			"dev": true,
			"license": "MIT",
			"optional": true,
			"os": [
				"linux"
			]
		},
		"node_modules/@oxc-resolver/binding-linux-x64-musl": {
			"version": "11.6.0",
			"resolved": "https://registry.npmjs.org/@oxc-resolver/binding-linux-x64-musl/-/binding-linux-x64-musl-11.6.0.tgz",
			"integrity": "sha512-HMtWWHTU7zbwceTFZPAPMMhhWR1nNO2OR60r6i55VprCMvttTWPQl7uLP0AUtAPoU9B/2GqP48rzOuaaKhHnYw==",
			"cpu": [
				"x64"
			],
			"dev": true,
			"license": "MIT",
			"optional": true,
			"os": [
				"linux"
			]
		},
		"node_modules/@oxc-resolver/binding-wasm32-wasi": {
			"version": "11.6.0",
			"resolved": "https://registry.npmjs.org/@oxc-resolver/binding-wasm32-wasi/-/binding-wasm32-wasi-11.6.0.tgz",
			"integrity": "sha512-rDAwr2oqmnG/6LSZJwvO3Bmt/RC3/Q6myyaUmg3P7GhZDyFPrWJONB7NFhPwU2Q4JIpA73ST4LBdhzmGxMTmrw==",
			"cpu": [
				"wasm32"
			],
			"dev": true,
			"license": "MIT",
			"optional": true,
			"dependencies": {
				"@napi-rs/wasm-runtime": "^1.0.0"
			},
			"engines": {
				"node": ">=14.0.0"
			}
		},
		"node_modules/@oxc-resolver/binding-win32-arm64-msvc": {
			"version": "11.6.0",
			"resolved": "https://registry.npmjs.org/@oxc-resolver/binding-win32-arm64-msvc/-/binding-win32-arm64-msvc-11.6.0.tgz",
			"integrity": "sha512-COzy8weljZo2lObWl6ZzW6ypDx1v1rtLdnt7JPjTUARikK1gMzlz9kouQhCtCegNFILx2L2oWw7714fnchqujw==",
			"cpu": [
				"arm64"
			],
			"dev": true,
			"license": "MIT",
			"optional": true,
			"os": [
				"win32"
			]
		},
		"node_modules/@oxc-resolver/binding-win32-ia32-msvc": {
			"version": "11.6.0",
			"resolved": "https://registry.npmjs.org/@oxc-resolver/binding-win32-ia32-msvc/-/binding-win32-ia32-msvc-11.6.0.tgz",
			"integrity": "sha512-p2tMRdi91CovjLBApDPD/uEy1/5r7U6iVkfagLYDytgvj6nJ1EAxLUdXbhoe6//50IvDC/5I51nGCdxmOUiXlQ==",
			"cpu": [
				"ia32"
			],
			"dev": true,
			"license": "MIT",
			"optional": true,
			"os": [
				"win32"
			]
		},
		"node_modules/@oxc-resolver/binding-win32-x64-msvc": {
			"version": "11.6.0",
			"resolved": "https://registry.npmjs.org/@oxc-resolver/binding-win32-x64-msvc/-/binding-win32-x64-msvc-11.6.0.tgz",
			"integrity": "sha512-p6b9q5TACd/y39kDK2HENXqd4lThoVrTkxdvizqd5/VwyHcoSd0cDcIEhHpxvfjc83VsODCBgB/zcjp//TlaqA==",
			"cpu": [
				"x64"
			],
			"dev": true,
			"license": "MIT",
			"optional": true,
			"os": [
				"win32"
			]
		},
		"node_modules/@tanstack/react-virtual": {
			"version": "3.13.12",
			"resolved": "https://registry.npmjs.org/@tanstack/react-virtual/-/react-virtual-3.13.12.tgz",
			"integrity": "sha512-Gd13QdxPSukP8ZrkbgS2RwoZseTTbQPLnQEn7HY/rqtM+8Zt95f7xKC7N0EsKs7aoz0WzZ+fditZux+F8EzYxA==",
			"license": "MIT",
			"dependencies": {
				"@tanstack/virtual-core": "3.13.12"
			},
			"funding": {
				"type": "github",
				"url": "https://github.com/sponsors/tannerlinsley"
			},
			"peerDependencies": {
				"react": "^16.8.0 || ^17.0.0 || ^18.0.0 || ^19.0.0",
				"react-dom": "^16.8.0 || ^17.0.0 || ^18.0.0 || ^19.0.0"
			}
		},
		"node_modules/@tanstack/virtual-core": {
			"version": "3.13.12",
			"resolved": "https://registry.npmjs.org/@tanstack/virtual-core/-/virtual-core-3.13.12.tgz",
			"integrity": "sha512-1YBOJfRHV4sXUmWsFSf5rQor4Ss82G8dQWLRbnk3GA4jeP8hQt1hxXh0tmflpC0dz3VgEv/1+qwPyLeWkQuPFA==",
			"license": "MIT",
			"funding": {
				"type": "github",
				"url": "https://github.com/sponsors/tannerlinsley"
			}
		},
		"node_modules/@tybys/wasm-util": {
			"version": "0.10.0",
			"resolved": "https://registry.npmjs.org/@tybys/wasm-util/-/wasm-util-0.10.0.tgz",
			"integrity": "sha512-VyyPYFlOMNylG45GoAe0xDoLwWuowvf92F9kySqzYh8vmYm7D2u4iUJKa1tOUpS70Ku13ASrOkS4ScXFsTaCNQ==",
			"dev": true,
			"license": "MIT",
			"optional": true,
			"dependencies": {
				"tslib": "^2.4.0"
			}
		},
		"node_modules/@types/codemirror": {
			"version": "5.60.8",
			"resolved": "https://registry.npmjs.org/@types/codemirror/-/codemirror-5.60.8.tgz",
			"integrity": "sha512-VjFgDF/eB+Aklcy15TtOTLQeMjTo07k7KAjql8OK5Dirr7a6sJY4T1uVBDuTVG9VEmn1uUsohOpYnVfgC6/jyw==",
			"dev": true,
			"license": "MIT",
			"dependencies": {
				"@types/tern": "*"
			}
		},
		"node_modules/@types/estree": {
			"version": "1.0.7",
			"resolved": "https://registry.npmjs.org/@types/estree/-/estree-1.0.7.tgz",
			"integrity": "sha512-w28IoSUCJpidD/TGviZwwMJckNESJZXFu7NBZ5YJ4mEUnNraUn9Pm8HSZm/jDF1pDWYKspWE7oVphigUPRakIQ==",
			"dev": true,
			"license": "MIT"
		},
		"node_modules/@types/node": {
			"version": "16.18.126",
			"resolved": "https://registry.npmjs.org/@types/node/-/node-16.18.126.tgz",
			"integrity": "sha512-OTcgaiwfGFBKacvfwuHzzn1KLxH/er8mluiy8/uM3sGXHaRe73RrSIj01jow9t4kJEW633Ov+cOexXeiApTyAw==",
			"dev": true,
			"license": "MIT"
		},
		"node_modules/@types/react": {
			"version": "19.1.6",
			"resolved": "https://registry.npmjs.org/@types/react/-/react-19.1.6.tgz",
			"integrity": "sha512-JeG0rEWak0N6Itr6QUx+X60uQmN+5t3j9r/OVDtWzFXKaj6kD1BwJzOksD0FF6iWxZlbE1kB0q9vtnU2ekqa1Q==",
			"dev": true,
			"license": "MIT",
			"dependencies": {
				"csstype": "^3.0.2"
			}
		},
		"node_modules/@types/react-dom": {
			"version": "19.1.6",
			"resolved": "https://registry.npmjs.org/@types/react-dom/-/react-dom-19.1.6.tgz",
			"integrity": "sha512-4hOiT/dwO8Ko0gV1m/TJZYk3y0KBnY9vzDh7W+DH17b2HFSOGgdj33dhihPeuy3l0q23+4e+hoXHV6hCC4dCXw==",
			"dev": true,
			"license": "MIT",
			"peerDependencies": {
				"@types/react": "^19.0.0"
			}
		},
		"node_modules/@types/tern": {
			"version": "0.23.9",
			"resolved": "https://registry.npmjs.org/@types/tern/-/tern-0.23.9.tgz",
			"integrity": "sha512-ypzHFE/wBzh+BlH6rrBgS5I/Z7RD21pGhZ2rltb/+ZrVM1awdZwjx7hE5XfuYgHWk9uvV5HLZN3SloevCAp3Bw==",
			"dev": true,
			"license": "MIT",
			"dependencies": {
				"@types/estree": "*"
			}
		},
		"node_modules/argparse": {
			"version": "2.0.1",
			"resolved": "https://registry.npmjs.org/argparse/-/argparse-2.0.1.tgz",
			"integrity": "sha512-8+9WqebbFzpX9OR+Wa6O29asIogeRMzcGtAINdpMHHyAg10f05aSFVBbcEqGf/PXw1EjAZ+q2/bEBg3DvurK3Q==",
			"dev": true,
			"license": "Python-2.0"
		},
		"node_modules/braces": {
			"version": "3.0.3",
			"resolved": "https://registry.npmjs.org/braces/-/braces-3.0.3.tgz",
			"integrity": "sha512-yQbXgO/OSZVD2IsiLlro+7Hf6Q18EJrKSEsdoMzKePKXct3gvD8oLcOQdIzGupr5Fj+EDe8gO/lxc1BzfMpxvA==",
			"dev": true,
			"license": "MIT",
			"dependencies": {
				"fill-range": "^7.1.1"
			},
			"engines": {
				"node": ">=8"
			}
		},
		"node_modules/builtin-modules": {
			"version": "3.3.0",
			"resolved": "https://registry.npmjs.org/builtin-modules/-/builtin-modules-3.3.0.tgz",
			"integrity": "sha512-zhaCDicdLuWN5UbN5IMnFqNMhNfo919sH85y2/ea+5Yg9TsTkeZxpL+JLbp6cgYFS4sRLp3YV4S6yDuqVWHYOw==",
			"dev": true,
			"license": "MIT",
			"engines": {
				"node": ">=6"
			},
			"funding": {
				"url": "https://github.com/sponsors/sindresorhus"
			}
		},
		"node_modules/csstype": {
			"version": "3.1.3",
			"resolved": "https://registry.npmjs.org/csstype/-/csstype-3.1.3.tgz",
			"integrity": "sha512-M1uQkMl8rQK/szD0LNhtqxIPLpimGm8sOBwU7lLnCpSbTyY3yeU1Vc7l4KT5zT4s/yOxHH5O7tIuuLOCnLADRw==",
			"dev": true,
			"license": "MIT"
		},
		"node_modules/date-fns": {
			"version": "4.1.0",
			"resolved": "https://registry.npmjs.org/date-fns/-/date-fns-4.1.0.tgz",
			"integrity": "sha512-Ukq0owbQXxa/U3EGtsdVBkR1w7KOQ5gIBqdH2hkvknzZPYvBxb/aa6E8L7tmjFtkwZBu3UXBbjIgPo/Ez4xaNg==",
			"license": "MIT",
			"funding": {
				"type": "github",
				"url": "https://github.com/sponsors/kossnocorp"
			}
		},
		"node_modules/emojilib": {
			"version": "4.0.2",
			"resolved": "https://registry.npmjs.org/emojilib/-/emojilib-4.0.2.tgz",
			"integrity": "sha512-8sP3sfAi861cNaFFp7RmyKi4S26K34ZKy4si75ojUW627AIVBHhMSu2SFJo3YRoK66YWnbysIbOk/d48uEqtKQ==",
			"license": "MIT"
		},
		"node_modules/esbuild": {
			"version": "0.17.3",
			"resolved": "https://registry.npmjs.org/esbuild/-/esbuild-0.17.3.tgz",
			"integrity": "sha512-9n3AsBRe6sIyOc6kmoXg2ypCLgf3eZSraWFRpnkto+svt8cZNuKTkb1bhQcitBcvIqjNiK7K0J3KPmwGSfkA8g==",
			"dev": true,
			"hasInstallScript": true,
			"license": "MIT",
			"bin": {
				"esbuild": "bin/esbuild"
			},
			"engines": {
				"node": ">=12"
			},
			"optionalDependencies": {
				"@esbuild/android-arm": "0.17.3",
				"@esbuild/android-arm64": "0.17.3",
				"@esbuild/android-x64": "0.17.3",
				"@esbuild/darwin-arm64": "0.17.3",
				"@esbuild/darwin-x64": "0.17.3",
				"@esbuild/freebsd-arm64": "0.17.3",
				"@esbuild/freebsd-x64": "0.17.3",
				"@esbuild/linux-arm": "0.17.3",
				"@esbuild/linux-arm64": "0.17.3",
				"@esbuild/linux-ia32": "0.17.3",
				"@esbuild/linux-loong64": "0.17.3",
				"@esbuild/linux-mips64el": "0.17.3",
				"@esbuild/linux-ppc64": "0.17.3",
				"@esbuild/linux-riscv64": "0.17.3",
				"@esbuild/linux-s390x": "0.17.3",
				"@esbuild/linux-x64": "0.17.3",
				"@esbuild/netbsd-x64": "0.17.3",
				"@esbuild/openbsd-x64": "0.17.3",
				"@esbuild/sunos-x64": "0.17.3",
				"@esbuild/win32-arm64": "0.17.3",
				"@esbuild/win32-ia32": "0.17.3",
				"@esbuild/win32-x64": "0.17.3"
			}
		},
		"node_modules/fast-glob": {
			"version": "3.3.3",
			"resolved": "https://registry.npmjs.org/fast-glob/-/fast-glob-3.3.3.tgz",
			"integrity": "sha512-7MptL8U0cqcFdzIzwOTHoilX9x5BrNqye7Z/LuC7kCMRio1EMSyqRK3BEAUD7sXRq4iT4AzTVuZdhgQ2TCvYLg==",
			"dev": true,
			"license": "MIT",
			"dependencies": {
				"@nodelib/fs.stat": "^2.0.2",
				"@nodelib/fs.walk": "^1.2.3",
				"glob-parent": "^5.1.2",
				"merge2": "^1.3.0",
				"micromatch": "^4.0.8"
			},
			"engines": {
				"node": ">=8.6.0"
			}
		},
		"node_modules/fast-glob/node_modules/glob-parent": {
			"version": "5.1.2",
			"resolved": "https://registry.npmjs.org/glob-parent/-/glob-parent-5.1.2.tgz",
			"integrity": "sha512-AOIgSQCepiJYwP3ARnGx+5VnTu2HBYdzbGP45eLw1vr3zB3vZLeyed1sC9hnbcOc9/SrMyM5RPQrkGz4aS9Zow==",
			"dev": true,
			"license": "ISC",
			"dependencies": {
				"is-glob": "^4.0.1"
			},
			"engines": {
				"node": ">= 6"
			}
		},
		"node_modules/fastq": {
			"version": "1.19.1",
			"resolved": "https://registry.npmjs.org/fastq/-/fastq-1.19.1.tgz",
			"integrity": "sha512-GwLTyxkCXjXbxqIhTsMI2Nui8huMPtnxg7krajPJAjnEG/iiOS7i+zCtWGZR9G0NBKbXKh6X9m9UIsYX/N6vvQ==",
			"dev": true,
			"license": "ISC",
			"dependencies": {
				"reusify": "^1.0.4"
			}
		},
		"node_modules/fd-package-json": {
			"version": "2.0.0",
			"resolved": "https://registry.npmjs.org/fd-package-json/-/fd-package-json-2.0.0.tgz",
			"integrity": "sha512-jKmm9YtsNXN789RS/0mSzOC1NUq9mkVd65vbSSVsKdjGvYXBuE4oWe2QOEoFeRmJg+lPuZxpmrfFclNhoRMneQ==",
			"dev": true,
			"license": "MIT",
			"dependencies": {
				"walk-up-path": "^4.0.0"
			}
		},
		"node_modules/fill-range": {
			"version": "7.1.1",
			"resolved": "https://registry.npmjs.org/fill-range/-/fill-range-7.1.1.tgz",
			"integrity": "sha512-YsGpe3WHLK8ZYi4tWDg2Jy3ebRz2rXowDxnld4bkQB00cc/1Zw9AWnC0i9ztDJitivtQvaI9KaLyKrc+hBW0yg==",
			"dev": true,
			"license": "MIT",
			"dependencies": {
				"to-regex-range": "^5.0.1"
			},
			"engines": {
				"node": ">=8"
			}
		},
		"node_modules/formatly": {
			"version": "0.2.4",
			"resolved": "https://registry.npmjs.org/formatly/-/formatly-0.2.4.tgz",
			"integrity": "sha512-lIN7GpcvX/l/i24r/L9bnJ0I8Qn01qijWpQpDDvTLL29nKqSaJJu4h20+7VJ6m2CAhQ2/En/GbxDiHCzq/0MyA==",
			"dev": true,
			"license": "MIT",
			"dependencies": {
				"fd-package-json": "^2.0.0"
			},
			"bin": {
				"formatly": "bin/index.mjs"
			},
			"engines": {
				"node": ">=18.3.0"
			}
		},
		"node_modules/is-extglob": {
			"version": "2.1.1",
			"resolved": "https://registry.npmjs.org/is-extglob/-/is-extglob-2.1.1.tgz",
			"integrity": "sha512-SbKbANkN603Vi4jEZv49LeVJMn4yGwsbzZworEoyEiutsN3nJYdbO36zfhGJ6QEDpOZIFkDtnq5JRxmvl3jsoQ==",
			"dev": true,
			"license": "MIT",
			"engines": {
				"node": ">=0.10.0"
			}
		},
		"node_modules/is-glob": {
			"version": "4.0.3",
			"resolved": "https://registry.npmjs.org/is-glob/-/is-glob-4.0.3.tgz",
			"integrity": "sha512-xelSayHH36ZgE7ZWhli7pW34hNbNl8Ojv5KVmkJD4hBdD3th8Tfk9vYasLM+mXWOZhFkgZfxhLSnrwRr4elSSg==",
			"dev": true,
			"license": "MIT",
			"dependencies": {
				"is-extglob": "^2.1.1"
			},
			"engines": {
				"node": ">=0.10.0"
			}
		},
		"node_modules/is-number": {
			"version": "7.0.0",
			"resolved": "https://registry.npmjs.org/is-number/-/is-number-7.0.0.tgz",
			"integrity": "sha512-41Cifkg6e8TylSpdtTpeLVMqvSBEVzTttHvERD741+pnZ8ANv0004MRL43QKPDlK9cGvNp6NZWZUBlbGXYxxng==",
			"dev": true,
			"license": "MIT",
			"engines": {
				"node": ">=0.12.0"
			}
		},
		"node_modules/jiti": {
			"version": "2.4.2",
			"resolved": "https://registry.npmjs.org/jiti/-/jiti-2.4.2.tgz",
			"integrity": "sha512-rg9zJN+G4n2nfJl5MW3BMygZX56zKPNVEYYqq7adpmMh4Jn2QNEwhvQlFy6jPVdcod7txZtKHWnyZiA3a0zP7A==",
			"dev": true,
			"license": "MIT",
			"bin": {
				"jiti": "lib/jiti-cli.mjs"
			}
		},
		"node_modules/js-yaml": {
			"version": "4.1.0",
			"resolved": "https://registry.npmjs.org/js-yaml/-/js-yaml-4.1.0.tgz",
			"integrity": "sha512-wpxZs9NoxZaJESJGIZTyDEaYpl0FKSA+FB9aJiyemKhMwkxQg63h4T1KJgUGHpTqPDNRcmmYLugrRjJlBtWvRA==",
			"dev": true,
			"license": "MIT",
			"dependencies": {
				"argparse": "^2.0.1"
			},
			"bin": {
				"js-yaml": "bin/js-yaml.js"
			}
		},
		"node_modules/knip": {
			"version": "5.62.0",
			"resolved": "https://registry.npmjs.org/knip/-/knip-5.62.0.tgz",
			"integrity": "sha512-hfTUVzmrMNMT1khlZfAYmBABeehwWUUrizLQoLamoRhSFkygsGIXWx31kaWKBgEaIVL77T3Uz7IxGvSw+CvQ6A==",
			"dev": true,
			"funding": [
				{
					"type": "github",
					"url": "https://github.com/sponsors/webpro"
				},
				{
					"type": "opencollective",
					"url": "https://opencollective.com/knip"
				},
				{
					"type": "polar",
					"url": "https://polar.sh/webpro-nl"
				}
			],
			"license": "ISC",
			"dependencies": {
				"@nodelib/fs.walk": "^1.2.3",
				"fast-glob": "^3.3.3",
				"formatly": "^0.2.4",
				"jiti": "^2.4.2",
				"js-yaml": "^4.1.0",
				"minimist": "^1.2.8",
				"oxc-resolver": "^11.1.0",
				"picocolors": "^1.1.1",
				"picomatch": "^4.0.1",
				"smol-toml": "^1.3.4",
				"strip-json-comments": "5.0.2",
				"zod": "^3.22.4",
				"zod-validation-error": "^3.0.3"
			},
			"bin": {
				"knip": "bin/knip.js",
				"knip-bun": "bin/knip-bun.js"
			},
			"engines": {
				"node": ">=18.18.0"
			},
			"peerDependencies": {
				"@types/node": ">=18",
				"typescript": ">=5.0.4"
			}
		},
		"node_modules/knip/node_modules/picomatch": {
			"version": "4.0.3",
			"resolved": "https://registry.npmjs.org/picomatch/-/picomatch-4.0.3.tgz",
			"integrity": "sha512-5gTmgEY/sqK6gFXLIsQNH19lWb4ebPDLA4SdLP7dsWkIXHWlG66oPuVvXSGFPppYZz8ZDZq0dYYrbHfBCVUb1Q==",
			"dev": true,
			"license": "MIT",
			"engines": {
				"node": ">=12"
			},
			"funding": {
				"url": "https://github.com/sponsors/jonschlinkert"
			}
		},
		"node_modules/merge2": {
			"version": "1.4.1",
			"resolved": "https://registry.npmjs.org/merge2/-/merge2-1.4.1.tgz",
			"integrity": "sha512-8q7VEgMJW4J8tcfVPy8g09NcQwZdbwFEqhe/WZkoIzjn/3TGDwtOCYtXGxA3O8tPzpczCCDgv+P2P5y00ZJOOg==",
			"dev": true,
			"license": "MIT",
			"engines": {
				"node": ">= 8"
			}
		},
		"node_modules/micromatch": {
			"version": "4.0.8",
			"resolved": "https://registry.npmjs.org/micromatch/-/micromatch-4.0.8.tgz",
			"integrity": "sha512-PXwfBhYu0hBCPw8Dn0E+WDYb7af3dSLVWKi3HGv84IdF4TyFoC0ysxFd0Goxw7nSv4T/PzEJQxsYsEiFCKo2BA==",
			"dev": true,
			"license": "MIT",
			"dependencies": {
				"braces": "^3.0.3",
				"picomatch": "^2.3.1"
			},
			"engines": {
				"node": ">=8.6"
			}
		},
		"node_modules/minimist": {
			"version": "1.2.8",
			"resolved": "https://registry.npmjs.org/minimist/-/minimist-1.2.8.tgz",
			"integrity": "sha512-2yyAR8qBkN3YuheJanUpWC5U3bb5osDywNB8RzDVlDwDHbocAJveqqj1u8+SVD7jkWT4yvsHCpWqqWqAxb0zCA==",
			"dev": true,
			"license": "MIT",
			"funding": {
				"url": "https://github.com/sponsors/ljharb"
			}
		},
		"node_modules/moment": {
			"version": "2.29.4",
			"resolved": "https://registry.npmjs.org/moment/-/moment-2.29.4.tgz",
			"integrity": "sha512-5LC9SOxjSc2HF6vO2CyuTDNivEdoz2IvyJJGj6X8DJ0eFyfszE0QiEd+iXmBvUP3WHxSjFH/vIsA0EN00cgr8w==",
			"dev": true,
			"license": "MIT",
			"engines": {
				"node": "*"
			}
		},
		"node_modules/napi-postinstall": {
			"version": "0.3.2",
			"resolved": "https://registry.npmjs.org/napi-postinstall/-/napi-postinstall-0.3.2.tgz",
			"integrity": "sha512-tWVJxJHmBWLy69PvO96TZMZDrzmw5KeiZBz3RHmiM2XZ9grBJ2WgMAFVVg25nqp3ZjTFUs2Ftw1JhscL3Teliw==",
			"dev": true,
			"license": "MIT",
			"bin": {
				"napi-postinstall": "lib/cli.js"
			},
			"engines": {
				"node": "^12.20.0 || ^14.18.0 || >=16.0.0"
			},
			"funding": {
				"url": "https://opencollective.com/napi-postinstall"
			}
		},
		"node_modules/obsidian": {
			"version": "1.8.7",
			"resolved": "https://registry.npmjs.org/obsidian/-/obsidian-1.8.7.tgz",
			"integrity": "sha512-h4bWwNFAGRXlMlMAzdEiIM2ppTGlrh7uGOJS6w4gClrsjc+ei/3YAtU2VdFUlCiPuTHpY4aBpFJJW75S1Tl/JA==",
			"dev": true,
			"license": "MIT",
			"dependencies": {
				"@types/codemirror": "5.60.8",
				"moment": "2.29.4"
			},
			"peerDependencies": {
				"@codemirror/state": "^6.0.0",
				"@codemirror/view": "^6.0.0"
			}
		},
		"node_modules/oxc-resolver": {
			"version": "11.6.0",
			"resolved": "https://registry.npmjs.org/oxc-resolver/-/oxc-resolver-11.6.0.tgz",
			"integrity": "sha512-Yj3Wy+zLljtFL8ByKOljaPhiXjJWVe875p5MHaT5VAHoEmzeg1BuswM8s/E7ErpJ3s0fsXJfUYJE4v1bl7N65g==",
			"dev": true,
			"hasInstallScript": true,
			"license": "MIT",
			"dependencies": {
				"napi-postinstall": "^0.3.0"
			},
			"funding": {
				"url": "https://github.com/sponsors/Boshen"
			},
			"optionalDependencies": {
				"@oxc-resolver/binding-android-arm-eabi": "11.6.0",
				"@oxc-resolver/binding-android-arm64": "11.6.0",
				"@oxc-resolver/binding-darwin-arm64": "11.6.0",
				"@oxc-resolver/binding-darwin-x64": "11.6.0",
				"@oxc-resolver/binding-freebsd-x64": "11.6.0",
				"@oxc-resolver/binding-linux-arm-gnueabihf": "11.6.0",
				"@oxc-resolver/binding-linux-arm-musleabihf": "11.6.0",
				"@oxc-resolver/binding-linux-arm64-gnu": "11.6.0",
				"@oxc-resolver/binding-linux-arm64-musl": "11.6.0",
				"@oxc-resolver/binding-linux-ppc64-gnu": "11.6.0",
				"@oxc-resolver/binding-linux-riscv64-gnu": "11.6.0",
				"@oxc-resolver/binding-linux-riscv64-musl": "11.6.0",
				"@oxc-resolver/binding-linux-s390x-gnu": "11.6.0",
				"@oxc-resolver/binding-linux-x64-gnu": "11.6.0",
				"@oxc-resolver/binding-linux-x64-musl": "11.6.0",
				"@oxc-resolver/binding-wasm32-wasi": "11.6.0",
				"@oxc-resolver/binding-win32-arm64-msvc": "11.6.0",
				"@oxc-resolver/binding-win32-ia32-msvc": "11.6.0",
				"@oxc-resolver/binding-win32-x64-msvc": "11.6.0"
			}
		},
		"node_modules/picocolors": {
			"version": "1.1.1",
			"resolved": "https://registry.npmjs.org/picocolors/-/picocolors-1.1.1.tgz",
			"integrity": "sha512-xceH2snhtb5M9liqDsmEw56le376mTZkEX/jEb/RxNFyegNul7eNslCXP9FDj/Lcu0X8KEyMceP2ntpaHrDEVA==",
			"dev": true,
			"license": "ISC"
		},
		"node_modules/picomatch": {
			"version": "2.3.1",
			"resolved": "https://registry.npmjs.org/picomatch/-/picomatch-2.3.1.tgz",
			"integrity": "sha512-JU3teHTNjmE2VCGFzuY8EXzCDVwEqB2a8fsIvwaStHhAWJEeVd1o1QD80CU6+ZdEXXSLbSsuLwJjkCBWqRQUVA==",
			"dev": true,
			"license": "MIT",
			"engines": {
				"node": ">=8.6"
			},
			"funding": {
				"url": "https://github.com/sponsors/jonschlinkert"
			}
		},
		"node_modules/queue-microtask": {
			"version": "1.2.3",
			"resolved": "https://registry.npmjs.org/queue-microtask/-/queue-microtask-1.2.3.tgz",
			"integrity": "sha512-NuaNSa6flKT5JaSYQzJok04JzTL1CA6aGhv5rfLW3PgqA+M2ChpZQnAC8h8i4ZFkBS8X5RqkDBHA7r4hej3K9A==",
			"dev": true,
			"funding": [
				{
					"type": "github",
					"url": "https://github.com/sponsors/feross"
				},
				{
					"type": "patreon",
					"url": "https://www.patreon.com/feross"
				},
				{
					"type": "consulting",
					"url": "https://feross.org/support"
				}
			],
			"license": "MIT"
		},
		"node_modules/react": {
			"version": "19.1.0",
			"resolved": "https://registry.npmjs.org/react/-/react-19.1.0.tgz",
			"integrity": "sha512-FS+XFBNvn3GTAWq26joslQgWNoFu08F4kl0J4CgdNKADkdSGXQyTCnKteIAJy96Br6YbpEU1LSzV5dYtjMkMDg==",
			"license": "MIT",
			"engines": {
				"node": ">=0.10.0"
			}
		},
		"node_modules/react-dom": {
			"version": "19.1.0",
			"resolved": "https://registry.npmjs.org/react-dom/-/react-dom-19.1.0.tgz",
			"integrity": "sha512-Xs1hdnE+DyKgeHJeJznQmYMIBG3TKIHJJT95Q58nHLSrElKlGQqDTR2HQ9fx5CN/Gk6Vh/kupBTDLU11/nDk/g==",
			"license": "MIT",
			"dependencies": {
				"scheduler": "^0.26.0"
			},
			"peerDependencies": {
				"react": "^19.1.0"
			}
		},
		"node_modules/reusify": {
			"version": "1.1.0",
			"resolved": "https://registry.npmjs.org/reusify/-/reusify-1.1.0.tgz",
			"integrity": "sha512-g6QUff04oZpHs0eG5p83rFLhHeV00ug/Yf9nZM6fLeUrPguBTkTQOdpAWWspMh55TZfVQDPaN3NQJfbVRAxdIw==",
			"dev": true,
			"license": "MIT",
			"engines": {
				"iojs": ">=1.0.0",
				"node": ">=0.10.0"
			}
		},
		"node_modules/run-parallel": {
			"version": "1.2.0",
			"resolved": "https://registry.npmjs.org/run-parallel/-/run-parallel-1.2.0.tgz",
			"integrity": "sha512-5l4VyZR86LZ/lDxZTR6jqL8AFE2S0IFLMP26AbjsLVADxHdhB/c0GUsH+y39UfCi3dzz8OlQuPmnaJOMoDHQBA==",
			"dev": true,
			"funding": [
				{
					"type": "github",
					"url": "https://github.com/sponsors/feross"
				},
				{
					"type": "patreon",
					"url": "https://www.patreon.com/feross"
				},
				{
					"type": "consulting",
					"url": "https://feross.org/support"
				}
			],
			"license": "MIT",
			"dependencies": {
				"queue-microtask": "^1.2.2"
			}
		},
		"node_modules/scheduler": {
			"version": "0.26.0",
			"resolved": "https://registry.npmjs.org/scheduler/-/scheduler-0.26.0.tgz",
			"integrity": "sha512-NlHwttCI/l5gCPR3D1nNXtWABUmBwvZpEQiD4IXSbIDq8BzLIK/7Ir5gTFSGZDUu37K5cMNp0hFtzO38sC7gWA==",
			"license": "MIT"
		},
		"node_modules/smol-toml": {
			"version": "1.4.1",
			"resolved": "https://registry.npmjs.org/smol-toml/-/smol-toml-1.4.1.tgz",
			"integrity": "sha512-CxdwHXyYTONGHThDbq5XdwbFsuY4wlClRGejfE2NtwUtiHYsP1QtNsHb/hnj31jKYSchztJsaA8pSQoVzkfCFg==",
			"dev": true,
			"license": "BSD-3-Clause",
			"engines": {
				"node": ">= 18"
			},
			"funding": {
				"url": "https://github.com/sponsors/cyyynthia"
			}
		},
		"node_modules/strip-json-comments": {
			"version": "5.0.2",
			"resolved": "https://registry.npmjs.org/strip-json-comments/-/strip-json-comments-5.0.2.tgz",
			"integrity": "sha512-4X2FR3UwhNUE9G49aIsJW5hRRR3GXGTBTZRMfv568O60ojM8HcWjV/VxAxCDW3SUND33O6ZY66ZuRcdkj73q2g==",
			"dev": true,
			"license": "MIT",
			"engines": {
				"node": ">=14.16"
			},
			"funding": {
				"url": "https://github.com/sponsors/sindresorhus"
			}
		},
		"node_modules/to-regex-range": {
			"version": "5.0.1",
			"resolved": "https://registry.npmjs.org/to-regex-range/-/to-regex-range-5.0.1.tgz",
			"integrity": "sha512-65P7iz6X5yEr1cwcgvQxbbIw7Uk3gOy5dIdtZ4rDveLqhrdJP+Li/Hx6tyK0NEb+2GCyneCMJiGqrADCSNk8sQ==",
			"dev": true,
			"license": "MIT",
			"dependencies": {
				"is-number": "^7.0.0"
			},
			"engines": {
				"node": ">=8.0"
			}
		},
		"node_modules/tslib": {
			"version": "2.4.0",
			"resolved": "https://registry.npmjs.org/tslib/-/tslib-2.4.0.tgz",
			"integrity": "sha512-d6xOpEDfsi2CZVlPQzGeux8XMwLT9hssAsaPYExaQMuYskwb+x1x7J371tWlbBdWHroy99KnVB6qIkUbs5X3UQ==",
			"dev": true,
			"license": "0BSD"
		},
		"node_modules/typescript": {
			"version": "4.7.4",
			"resolved": "https://registry.npmjs.org/typescript/-/typescript-4.7.4.tgz",
			"integrity": "sha512-C0WQT0gezHuw6AdY1M2jxUO83Rjf0HP7Sk1DtXj6j1EwkQNZrHAg2XPWlq62oqEhYvONq5pkC2Y9oPljWToLmQ==",
			"dev": true,
			"license": "Apache-2.0",
			"bin": {
				"tsc": "bin/tsc",
				"tsserver": "bin/tsserver"
			},
			"engines": {
				"node": ">=4.2.0"
			}
		},
		"node_modules/walk-up-path": {
			"version": "4.0.0",
			"resolved": "https://registry.npmjs.org/walk-up-path/-/walk-up-path-4.0.0.tgz",
			"integrity": "sha512-3hu+tD8YzSLGuFYtPRb48vdhKMi0KQV5sn+uWr8+7dMEq/2G/dtLrdDinkLjqq5TIbIBjYJ4Ax/n3YiaW7QM8A==",
			"dev": true,
			"license": "ISC",
			"engines": {
				"node": "20 || >=22"
			}
		},
		"node_modules/zod": {
			"version": "3.25.76",
			"resolved": "https://registry.npmjs.org/zod/-/zod-3.25.76.tgz",
			"integrity": "sha512-gzUt/qt81nXsFGKIFcC3YnfEAx5NkunCfnDlvuBSSFS02bcXu4Lmea0AFIUwbLWxWPx3d9p8S5QoaujKcNQxcQ==",
			"dev": true,
			"license": "MIT",
			"funding": {
				"url": "https://github.com/sponsors/colinhacks"
			}
		},
		"node_modules/zod-validation-error": {
			"version": "3.5.3",
			"resolved": "https://registry.npmjs.org/zod-validation-error/-/zod-validation-error-3.5.3.tgz",
			"integrity": "sha512-OT5Y8lbUadqVZCsnyFaTQ4/O2mys4tj7PqhdbBCp7McPwvIEKfPtdA6QfPeFQK2/Rz5LgwmAXRJTugBNBi0btw==",
			"dev": true,
			"license": "MIT",
			"engines": {
				"node": ">=18.0.0"
			},
			"peerDependencies": {
				"zod": "^3.25.0 || ^4.0.0"
			}
		}
	}
}
